
Microsoft Visual Studio Solution File, Format Version 12.00
# Visual Studio Version 17
VisualStudioVersion = 17.8.34322.80
MinimumVisualStudioVersion = 10.0.40219.1
Project("{FAE04EC0-301F-11D3-BF4B-00C04F79EFBC}") = "dotnet-testdome-removeduplicatechars", "dotnet-testdome-removeduplicatechars.csproj", "{9195AA26-CE7A-4AAE-821A-CCC1C29BE23D}"
EndProject
Global
	GlobalSection(SolutionConfigurationPlatforms) = preSolution
		Debug|Any CPU = Debug|Any CPU
		Release|Any CPU = Release|Any CPU
	EndGlobalSection
	GlobalSection(ProjectConfigurationPlatforms) = postSolution
		{9195AA26-CE7A-4AAE-821A-CCC1C29BE23D}.Debug|Any CPU.ActiveCfg = Debug|Any CPU
		{9195AA26-CE7A-4AAE-821A-CCC1C29BE23D}.Debug|Any CPU.Build.0 = Debug|Any CPU
		{9195AA26-CE7A-4AAE-821A-CCC1C29BE23D}.Release|Any CPU.ActiveCfg = Release|Any CPU
		{9195AA26-CE7A-4AAE-821A-CCC1C29BE23D}.Release|Any CPU.Build.0 = Release|Any CPU
	EndGlobalSection
	GlobalSection(SolutionProperties) = preSolution
		HideSolutionNode = FALSE
	EndGlobalSection
	GlobalSection(ExtensibilityGlobals) = postSolution
		SolutionGuid = {AA83C9B7-86C4-44F6-B146-57F082C479A7}
	EndGlobalSection
EndGlobal
